
Microsoft Visual Studio Solution File, Format Version 12.00
# Visual Studio 2012
Project("{FAE04EC0-301F-11D3-BF4B-00C04F79EFBC}") = "Infrastructure", "Infrastructure\Infrastructure.csproj", "{2B5AFB8F-B499-417A-BCA7-921C3DBA036E}"
EndProject
Project("{FAE04EC0-301F-11D3-BF4B-00C04F79EFBC}") = "Web.Mvc", "Web.Mvc\Web.Mvc.csproj", "{6BDFECA3-B9F1-4D64-8ABE-6E87B19C5149}"
EndProject
Project("{FAE04EC0-301F-11D3-BF4B-00C04F79EFBC}") = "RootPosition", "RootPosition\RootPosition.csproj", "{C112E62D-AB9D-4FD4-A670-D50518E0FCB1}"
EndProject
Global
	GlobalSection(SolutionConfigurationPlatforms) = preSolution
		Debug|Any CPU = Debug|Any CPU
		Release|Any CPU = Release|Any CPU
	EndGlobalSection
	GlobalSection(ProjectConfigurationPlatforms) = postSolution
		{2B5AFB8F-B499-417A-BCA7-921C3DBA036E}.Debug|Any CPU.ActiveCfg = Debug|Any CPU
		{2B5AFB8F-B499-417A-BCA7-921C3DBA036E}.Debug|Any CPU.Build.0 = Debug|Any CPU
		{2B5AFB8F-B499-417A-BCA7-921C3DBA036E}.Release|Any CPU.ActiveCfg = Release|Any CPU
		{2B5AFB8F-B499-417A-BCA7-921C3DBA036E}.Release|Any CPU.Build.0 = Release|Any CPU
		{6BDFECA3-B9F1-4D64-8ABE-6E87B19C5149}.Debug|Any CPU.ActiveCfg = Debug|Any CPU
		{6BDFECA3-B9F1-4D64-8ABE-6E87B19C5149}.Debug|Any CPU.Build.0 = Debug|Any CPU
		{6BDFECA3-B9F1-4D64-8ABE-6E87B19C5149}.Release|Any CPU.ActiveCfg = Release|Any CPU
		{6BDFECA3-B9F1-4D64-8ABE-6E87B19C5149}.Release|Any CPU.Build.0 = Release|Any CPU
		{C112E62D-AB9D-4FD4-A670-D50518E0FCB1}.Debug|Any CPU.ActiveCfg = Debug|Any CPU
		{C112E62D-AB9D-4FD4-A670-D50518E0FCB1}.Debug|Any CPU.Build.0 = Debug|Any CPU
		{C112E62D-AB9D-4FD4-A670-D50518E0FCB1}.Release|Any CPU.ActiveCfg = Release|Any CPU
		{C112E62D-AB9D-4FD4-A670-D50518E0FCB1}.Release|Any CPU.Build.0 = Release|Any CPU
	EndGlobalSection
	GlobalSection(SolutionProperties) = preSolution
		HideSolutionNode = FALSE
	EndGlobalSection
EndGlobal
